{"format_version":"1.2","terraform_version":"1.13.3","variables":{"cloud_id":{"value":"b1g2vjrss298io4rlbvg"},"flow":{"value":"spet"},"folder_id":{"value":"b1gkghqdgd7tqvteo1cf"}},"planned_values":{"root_module":{"resources":[{"address":"local_file.inventory","mode":"managed","type":"local_file","name":"inventory","provider_name":"registry.terraform.io/hashicorp/local","schema_version":0,"values":{"content_base64":null,"directory_permission":"0777","file_permission":"0777","filename":"./../ansible/hosts.ini","sensitive_content":null,"source":null},"sensitive_values":{"sensitive_content":true}},{"address":"yandex_compute_instance.jenkins","mode":"managed","type":"yandex_compute_instance","name":"jenkins","provider_name":"registry.terraform.io/yandex-cloud/yandex","schema_version":1,"values":{"allow_recreate":null,"allow_stopping_for_update":null,"boot_disk":[{"auto_delete":true,"initialize_params":[{"image_id":"fd86n9726b9nc43mr7ru","kms_key_id":null,"size":10,"type":"network-hdd"}]}],"description":null,"filesystem":[],"hostname":"jenkins","labels":null,"local_disk":[],"metadata":{"user-data":"#cloud-config\nusers:\n  -  name: spet\n     groups: sudo\n     shell: /bin/bash\n     sudo: [\"ALL=(ALL) NOPASSWD:ALL\"]\n     ssh_authorized_keys:\n       - ssh-ed25519 AAAAC3NzaC1lZDI1NTE5AAAAIM6rjYSjFo4to3bTJplrDFAvOo4vsuvDCBYrfd+2a5uS songspeta@mail.ru"},"name":"jenkins","network_acceleration_type":"standard","network_interface":[{"dns_record":[],"ipv4":true,"ipv6_dns_record":[],"nat":true,"nat_dns_record":[]}],"platform_id":"standard-v3","resources":[{"core_fraction":20,"cores":2,"gpus":null,"memory":2}],"scheduling_policy":[{"preemptible":true}],"secondary_disk":[],"service_account_id":null,"timeouts":null,"zone":"ru-central1-a"},"sensitive_values":{"boot_disk":[{"initialize_params":[{}]}],"filesystem":[],"hardware_generation":[],"local_disk":[],"metadata":{},"metadata_options":[],"network_interface":[{"dns_record":[],"ipv6_dns_record":[],"nat_dns_record":[],"security_group_ids":[]}],"placement_policy":[],"resources":[{}],"scheduling_policy":[{}],"secondary_disk":[]}},{"address":"yandex_compute_instance.nexus","mode":"managed","type":"yandex_compute_instance","name":"nexus","provider_name":"registry.terraform.io/yandex-cloud/yandex","schema_version":1,"values":{"allow_recreate":null,"allow_stopping_for_update":null,"boot_disk":[{"auto_delete":true,"initialize_params":[{"image_id":"fd86n9726b9nc43mr7ru","kms_key_id":null,"size":10,"type":"network-hdd"}]}],"description":null,"filesystem":[],"hostname":"nexus","labels":null,"local_disk":[],"metadata":{"user-data":"#cloud-config\nusers:\n  -  name: spet\n     groups: sudo\n     shell: /bin/bash\n     sudo: [\"ALL=(ALL) NOPASSWD:ALL\"]\n     ssh_authorized_keys:\n       - ssh-ed25519 AAAAC3NzaC1lZDI1NTE5AAAAIM6rjYSjFo4to3bTJplrDFAvOo4vsuvDCBYrfd+2a5uS songspeta@mail.ru"},"name":"nexus","network_acceleration_type":"standard","network_interface":[{"dns_record":[],"ipv4":true,"ipv6_dns_record":[],"nat":true,"nat_dns_record":[]}],"platform_id":"standard-v3","resources":[{"core_fraction":20,"cores":2,"gpus":null,"memory":2}],"scheduling_policy":[{"preemptible":true}],"secondary_disk":[],"service_account_id":null,"timeouts":null,"zone":"ru-central1-a"},"sensitive_values":{"boot_disk":[{"initialize_params":[{}]}],"filesystem":[],"hardware_generation":[],"local_disk":[],"metadata":{},"metadata_options":[],"network_interface":[{"dns_record":[],"ipv6_dns_record":[],"nat_dns_record":[],"security_group_ids":[]}],"placement_policy":[],"resources":[{}],"scheduling_policy":[{}],"secondary_disk":[]}},{"address":"yandex_vpc_network.net","mode":"managed","type":"yandex_vpc_network","name":"net","provider_name":"registry.terraform.io/yandex-cloud/yandex","schema_version":0,"values":{"description":null,"name":"jenkins-nexus-net","timeouts":null},"sensitive_values":{"labels":{},"subnet_ids":[]}},{"address":"yandex_vpc_security_group.sg","mode":"managed","type":"yandex_vpc_security_group","name":"sg","provider_name":"registry.terraform.io/yandex-cloud/yandex","schema_version":0,"values":{"description":null,"egress":[{"description":"","from_port":-1,"port":-1,"predefined_target":"","protocol":"ANY","security_group_id":"","to_port":-1,"v4_cidr_blocks":["0.0.0.0/0"],"v6_cidr_blocks":[]}],"ingress":[{"description":"","from_port":-1,"port":22,"predefined_target":"","protocol":"TCP","security_group_id":"","to_port":-1,"v4_cidr_blocks":["0.0.0.0/0"],"v6_cidr_blocks":[]},{"description":"","from_port":-1,"port":8080,"predefined_target":"","protocol":"TCP","security_group_id":"","to_port":-1,"v4_cidr_blocks":["0.0.0.0/0"],"v6_cidr_blocks":[]},{"description":"","from_port":-1,"port":8081,"predefined_target":"","protocol":"TCP","security_group_id":"","to_port":-1,"v4_cidr_blocks":["0.0.0.0/0"],"v6_cidr_blocks":[]},{"description":"","from_port":-1,"port":8082,"predefined_target":"","protocol":"TCP","security_group_id":"","to_port":-1,"v4_cidr_blocks":["0.0.0.0/0"],"v6_cidr_blocks":[]}],"name":"jenkins-nexus-sg","timeouts":null},"sensitive_values":{"egress":[{"labels":{},"v4_cidr_blocks":[false],"v6_cidr_blocks":[]}],"ingress":[{"labels":{},"v4_cidr_blocks":[false],"v6_cidr_blocks":[]},{"labels":{},"v4_cidr_blocks":[false],"v6_cidr_blocks":[]},{"labels":{},"v4_cidr_blocks":[false],"v6_cidr_blocks":[]},{"labels":{},"v4_cidr_blocks":[false],"v6_cidr_blocks":[]}],"labels":{}}},{"address":"yandex_vpc_subnet.subnet","mode":"managed","type":"yandex_vpc_subnet","name":"subnet","provider_name":"registry.terraform.io/yandex-cloud/yandex","schema_version":0,"values":{"description":null,"dhcp_options":[],"name":"jenkins-nexus-subnet","route_table_id":null,"timeouts":null,"v4_cidr_blocks":["10.0.1.0/24"],"zone":"ru-central1-a"},"sensitive_values":{"dhcp_options":[],"labels":{},"v4_cidr_blocks":[false],"v6_cidr_blocks":[]}}]}},"resource_changes":[{"address":"local_file.inventory","mode":"managed","type":"local_file","name":"inventory","provider_name":"registry.terraform.io/hashicorp/local","change":{"actions":["create"],"before":null,"after":{"content_base64":null,"directory_permission":"0777","file_permission":"0777","filename":"./../ansible/hosts.ini","sensitive_content":null,"source":null},"after_unknown":{"content":true,"content_base64sha256":true,"content_base64sha512":true,"content_md5":true,"content_sha1":true,"content_sha256":true,"content_sha512":true,"id":true},"before_sensitive":false,"after_sensitive":{"sensitive_content":true}}},{"address":"yandex_compute_instance.jenkins","mode":"managed","type":"yandex_compute_instance","name":"jenkins","provider_name":"registry.terraform.io/yandex-cloud/yandex","change":{"actions":["create"],"before":null,"after":{"allow_recreate":null,"allow_stopping_for_update":null,"boot_disk":[{"auto_delete":true,"initialize_params":[{"image_id":"fd86n9726b9nc43mr7ru","kms_key_id":null,"size":10,"type":"network-hdd"}]}],"description":null,"filesystem":[],"hostname":"jenkins","labels":null,"local_disk":[],"metadata":{"user-data":"#cloud-config\nusers:\n  -  name: spet\n     groups: sudo\n     shell: /bin/bash\n     sudo: [\"ALL=(ALL) NOPASSWD:ALL\"]\n     ssh_authorized_keys:\n       - ssh-ed25519 AAAAC3NzaC1lZDI1NTE5AAAAIM6rjYSjFo4to3bTJplrDFAvOo4vsuvDCBYrfd+2a5uS songspeta@mail.ru"},"name":"jenkins","network_acceleration_type":"standard","network_interface":[{"dns_record":[],"ipv4":true,"ipv6_dns_record":[],"nat":true,"nat_dns_record":[]}],"platform_id":"standard-v3","resources":[{"core_fraction":20,"cores":2,"gpus":null,"memory":2}],"scheduling_policy":[{"preemptible":true}],"secondary_disk":[],"service_account_id":null,"timeouts":null,"zone":"ru-central1-a"},"after_unknown":{"boot_disk":[{"device_name":true,"disk_id":true,"initialize_params":[{"block_size":true,"description":true,"name":true,"snapshot_id":true}],"mode":true}],"created_at":true,"filesystem":[],"folder_id":true,"fqdn":true,"gpu_cluster_id":true,"hardware_generation":true,"id":true,"local_disk":[],"maintenance_grace_period":true,"maintenance_policy":true,"metadata":{},"metadata_options":true,"network_interface":[{"dns_record":[],"index":true,"ip_address":true,"ipv6":true,"ipv6_address":true,"ipv6_dns_record":[],"mac_address":true,"nat_dns_record":[],"nat_ip_address":true,"nat_ip_version":true,"security_group_ids":true,"subnet_id":true}],"placement_policy":true,"resources":[{}],"scheduling_policy":[{}],"secondary_disk":[],"status":true},"before_sensitive":false,"after_sensitive":{"boot_disk":[{"initialize_params":[{}]}],"filesystem":[],"hardware_generation":[],"local_disk":[],"metadata":{},"metadata_options":[],"network_interface":[{"dns_record":[],"ipv6_dns_record":[],"nat_dns_record":[],"security_group_ids":[]}],"placement_policy":[],"resources":[{}],"scheduling_policy":[{}],"secondary_disk":[]}}},{"address":"yandex_compute_instance.nexus","mode":"managed","type":"yandex_compute_instance","name":"nexus","provider_name":"registry.terraform.io/yandex-cloud/yandex","change":{"actions":["create"],"before":null,"after":{"allow_recreate":null,"allow_stopping_for_update":null,"boot_disk":[{"auto_delete":true,"initialize_params":[{"image_id":"fd86n9726b9nc43mr7ru","kms_key_id":null,"size":10,"type":"network-hdd"}]}],"description":null,"filesystem":[],"hostname":"nexus","labels":null,"local_disk":[],"metadata":{"user-data":"#cloud-config\nusers:\n  -  name: spet\n     groups: sudo\n     shell: /bin/bash\n     sudo: [\"ALL=(ALL) NOPASSWD:ALL\"]\n     ssh_authorized_keys:\n       - ssh-ed25519 AAAAC3NzaC1lZDI1NTE5AAAAIM6rjYSjFo4to3bTJplrDFAvOo4vsuvDCBYrfd+2a5uS songspeta@mail.ru"},"name":"nexus","network_acceleration_type":"standard","network_interface":[{"dns_record":[],"ipv4":true,"ipv6_dns_record":[],"nat":true,"nat_dns_record":[]}],"platform_id":"standard-v3","resources":[{"core_fraction":20,"cores":2,"gpus":null,"memory":2}],"scheduling_policy":[{"preemptible":true}],"secondary_disk":[],"service_account_id":null,"timeouts":null,"zone":"ru-central1-a"},"after_unknown":{"boot_disk":[{"device_name":true,"disk_id":true,"initialize_params":[{"block_size":true,"description":true,"name":true,"snapshot_id":true}],"mode":true}],"created_at":true,"filesystem":[],"folder_id":true,"fqdn":true,"gpu_cluster_id":true,"hardware_generation":true,"id":true,"local_disk":[],"maintenance_grace_period":true,"maintenance_policy":true,"metadata":{},"metadata_options":true,"network_interface":[{"dns_record":[],"index":true,"ip_address":true,"ipv6":true,"ipv6_address":true,"ipv6_dns_record":[],"mac_address":true,"nat_dns_record":[],"nat_ip_address":true,"nat_ip_version":true,"security_group_ids":true,"subnet_id":true}],"placement_policy":true,"resources":[{}],"scheduling_policy":[{}],"secondary_disk":[],"status":true},"before_sensitive":false,"after_sensitive":{"boot_disk":[{"initialize_params":[{}]}],"filesystem":[],"hardware_generation":[],"local_disk":[],"metadata":{},"metadata_options":[],"network_interface":[{"dns_record":[],"ipv6_dns_record":[],"nat_dns_record":[],"security_group_ids":[]}],"placement_policy":[],"resources":[{}],"scheduling_policy":[{}],"secondary_disk":[]}}},{"address":"yandex_vpc_network.net","mode":"managed","type":"yandex_vpc_network","name":"net","provider_name":"registry.terraform.io/yandex-cloud/yandex","change":{"actions":["create"],"before":null,"after":{"description":null,"name":"jenkins-nexus-net","timeouts":null},"after_unknown":{"created_at":true,"default_security_group_id":true,"folder_id":true,"id":true,"labels":true,"subnet_ids":true},"before_sensitive":false,"after_sensitive":{"labels":{},"subnet_ids":[]}}},{"address":"yandex_vpc_security_group.sg","mode":"managed","type":"yandex_vpc_security_group","name":"sg","provider_name":"registry.terraform.io/yandex-cloud/yandex","change":{"actions":["create"],"before":null,"after":{"description":null,"egress":[{"description":"","from_port":-1,"port":-1,"predefined_target":"","protocol":"ANY","security_group_id":"","to_port":-1,"v4_cidr_blocks":["0.0.0.0/0"],"v6_cidr_blocks":[]}],"ingress":[{"description":"","from_port":-1,"port":22,"predefined_target":"","protocol":"TCP","security_group_id":"","to_port":-1,"v4_cidr_blocks":["0.0.0.0/0"],"v6_cidr_blocks":[]},{"description":"","from_port":-1,"port":8080,"predefined_target":"","protocol":"TCP","security_group_id":"","to_port":-1,"v4_cidr_blocks":["0.0.0.0/0"],"v6_cidr_blocks":[]},{"description":"","from_port":-1,"port":8081,"predefined_target":"","protocol":"TCP","security_group_id":"","to_port":-1,"v4_cidr_blocks":["0.0.0.0/0"],"v6_cidr_blocks":[]},{"description":"","from_port":-1,"port":8082,"predefined_target":"","protocol":"TCP","security_group_id":"","to_port":-1,"v4_cidr_blocks":["0.0.0.0/0"],"v6_cidr_blocks":[]}],"name":"jenkins-nexus-sg","timeouts":null},"after_unknown":{"created_at":true,"egress":[{"id":true,"labels":true,"v4_cidr_blocks":[false],"v6_cidr_blocks":[]}],"folder_id":true,"id":true,"ingress":[{"id":true,"labels":true,"v4_cidr_blocks":[false],"v6_cidr_blocks":[]},{"id":true,"labels":true,"v4_cidr_blocks":[false],"v6_cidr_blocks":[]},{"id":true,"labels":true,"v4_cidr_blocks":[false],"v6_cidr_blocks":[]},{"id":true,"labels":true,"v4_cidr_blocks":[false],"v6_cidr_blocks":[]}],"labels":true,"network_id":true,"status":true},"before_sensitive":false,"after_sensitive":{"egress":[{"labels":{},"v4_cidr_blocks":[false],"v6_cidr_blocks":[]}],"ingress":[{"labels":{},"v4_cidr_blocks":[false],"v6_cidr_blocks":[]},{"labels":{},"v4_cidr_blocks":[false],"v6_cidr_blocks":[]},{"labels":{},"v4_cidr_blocks":[false],"v6_cidr_blocks":[]},{"labels":{},"v4_cidr_blocks":[false],"v6_cidr_blocks":[]}],"labels":{}}}},{"address":"yandex_vpc_subnet.subnet","mode":"managed","type":"yandex_vpc_subnet","name":"subnet","provider_name":"registry.terraform.io/yandex-cloud/yandex","change":{"actions":["create"],"before":null,"after":{"description":null,"dhcp_options":[],"name":"jenkins-nexus-subnet","route_table_id":null,"timeouts":null,"v4_cidr_blocks":["10.0.1.0/24"],"zone":"ru-central1-a"},"after_unknown":{"created_at":true,"dhcp_options":[],"folder_id":true,"id":true,"labels":true,"network_id":true,"v4_cidr_blocks":[false],"v6_cidr_blocks":true},"before_sensitive":false,"after_sensitive":{"dhcp_options":[],"labels":{},"v4_cidr_blocks":[false],"v6_cidr_blocks":[]}}}],"prior_state":{"format_version":"1.0","terraform_version":"1.13.3","values":{"root_module":{"resources":[{"address":"data.yandex_compute_image.ubuntu_2204_lts","mode":"data","type":"yandex_compute_image","name":"ubuntu_2204_lts","provider_name":"registry.terraform.io/yandex-cloud/yandex","schema_version":0,"values":{"created_at":"2025-10-20T11:06:40Z","description":"Ubuntu 22.04 lts v20251017030356","family":"ubuntu-2204-lts","folder_id":"standard-images","hardware_generation":[{"generation2_features":[],"legacy_features":[{"pci_topology":"PCI_TOPOLOGY_V2"}]}],"id":"fd86n9726b9nc43mr7ru","image_id":"fd86n9726b9nc43mr7ru","kms_key_id":null,"labels":{"version":"20251017030356"},"min_disk_size":8,"name":"ubuntu-22-04-lts-v20251020","os_type":"linux","pooled":true,"product_ids":["f2ebbt74qh13a16i6r4m"],"size":2,"status":"ready"},"sensitive_values":{"hardware_generation":[{"generation2_features":[],"legacy_features":[{}]}],"labels":{},"product_ids":[false]}}]}}},"configuration":{"provider_config":{"local":{"name":"local","full_name":"registry.terraform.io/hashicorp/local"},"yandex":{"name":"yandex","full_name":"registry.terraform.io/yandex-cloud/yandex","version_constraint":"0.167.0","expressions":{"cloud_id":{"references":["var.cloud_id"]},"folder_id":{"references":["var.folder_id"]},"service_account_key_file":{}}}},"root_module":{"resources":[{"address":"local_file.inventory","mode":"managed","type":"local_file","name":"inventory","provider_config_key":"local","expressions":{"content":{"references":["yandex_compute_instance.jenkins.network_interface[0].nat_ip_address","yandex_compute_instance.jenkins.network_interface[0]","yandex_compute_instance.jenkins.network_interface","yandex_compute_instance.jenkins","yandex_compute_instance.nexus.network_interface[0].nat_ip_address","yandex_compute_instance.nexus.network_interface[0]","yandex_compute_instance.nexus.network_interface","yandex_compute_instance.nexus"]},"filename":{"references":["path.module"]}},"schema_version":0},{"address":"yandex_compute_instance.jenkins","mode":"managed","type":"yandex_compute_instance","name":"jenkins","provider_config_key":"yandex","expressions":{"boot_disk":[{"initialize_params":[{"image_id":{"references":["data.yandex_compute_image.ubuntu_2204_lts.image_id","data.yandex_compute_image.ubuntu_2204_lts"]},"size":{"constant_value":10},"type":{"constant_value":"network-hdd"}}]}],"hostname":{"constant_value":"jenkins"},"metadata":{},"name":{"constant_value":"jenkins"},"network_interface":[{"nat":{"constant_value":true},"security_group_ids":{"references":["yandex_vpc_security_group.sg.id","yandex_vpc_security_group.sg"]},"subnet_id":{"references":["yandex_vpc_subnet.subnet.id","yandex_vpc_subnet.subnet"]}}],"platform_id":{"constant_value":"standard-v3"},"resources":[{"core_fraction":{"constant_value":20},"cores":{"constant_value":2},"memory":{"constant_value":2}}],"scheduling_policy":[{"preemptible":{"constant_value":true}}],"zone":{"constant_value":"ru-central1-a"}},"schema_version":1},{"address":"yandex_compute_instance.nexus","mode":"managed","type":"yandex_compute_instance","name":"nexus","provider_config_key":"yandex","expressions":{"boot_disk":[{"initialize_params":[{"image_id":{"references":["data.yandex_compute_image.ubuntu_2204_lts.image_id","data.yandex_compute_image.ubuntu_2204_lts"]},"size":{"constant_value":10},"type":{"constant_value":"network-hdd"}}]}],"hostname":{"constant_value":"nexus"},"metadata":{},"name":{"constant_value":"nexus"},"network_interface":[{"nat":{"constant_value":true},"security_group_ids":{"references":["yandex_vpc_security_group.sg.id","yandex_vpc_security_group.sg"]},"subnet_id":{"references":["yandex_vpc_subnet.subnet.id","yandex_vpc_subnet.subnet"]}}],"platform_id":{"constant_value":"standard-v3"},"resources":[{"core_fraction":{"constant_value":20},"cores":{"constant_value":2},"memory":{"constant_value":2}}],"scheduling_policy":[{"preemptible":{"constant_value":true}}],"zone":{"constant_value":"ru-central1-a"}},"schema_version":1},{"address":"yandex_vpc_network.net","mode":"managed","type":"yandex_vpc_network","name":"net","provider_config_key":"yandex","expressions":{"name":{"constant_value":"jenkins-nexus-net"}},"schema_version":0},{"address":"yandex_vpc_security_group.sg","mode":"managed","type":"yandex_vpc_security_group","name":"sg","provider_config_key":"yandex","expressions":{"egress":[{"protocol":{"constant_value":"ANY"},"v4_cidr_blocks":{"constant_value":["0.0.0.0/0"]}}],"ingress":[{"port":{"constant_value":22},"protocol":{"constant_value":"TCP"},"v4_cidr_blocks":{"constant_value":["0.0.0.0/0"]}},{"port":{"constant_value":8080},"protocol":{"constant_value":"TCP"},"v4_cidr_blocks":{"constant_value":["0.0.0.0/0"]}},{"port":{"constant_value":8081},"protocol":{"constant_value":"TCP"},"v4_cidr_blocks":{"constant_value":["0.0.0.0/0"]}},{"port":{"constant_value":8082},"protocol":{"constant_value":"TCP"},"v4_cidr_blocks":{"constant_value":["0.0.0.0/0"]}}],"name":{"constant_value":"jenkins-nexus-sg"},"network_id":{"references":["yandex_vpc_network.net.id","yandex_vpc_network.net"]}},"schema_version":0},{"address":"yandex_vpc_subnet.subnet","mode":"managed","type":"yandex_vpc_subnet","name":"subnet","provider_config_key":"yandex","expressions":{"name":{"constant_value":"jenkins-nexus-subnet"},"network_id":{"references":["yandex_vpc_network.net.id","yandex_vpc_network.net"]},"v4_cidr_blocks":{"constant_value":["10.0.1.0/24"]},"zone":{"constant_value":"ru-central1-a"}},"schema_version":0},{"address":"data.yandex_compute_image.ubuntu_2204_lts","mode":"data","type":"yandex_compute_image","name":"ubuntu_2204_lts","provider_config_key":"yandex","expressions":{"family":{"constant_value":"ubuntu-2204-lts"}},"schema_version":0}],"variables":{"cloud_id":{"default":"b1g2vjrss298io4rlbvg"},"flow":{"default":"spet"},"folder_id":{"default":"b1gkghqdgd7tqvteo1cf"}}}},"relevant_attributes":[{"resource":"data.yandex_compute_image.ubuntu_2204_lts","attribute":["image_id"]},{"resource":"yandex_vpc_network.net","attribute":["id"]},{"resource":"yandex_compute_instance.jenkins","attribute":["network_interface",0,"nat_ip_address"]},{"resource":"yandex_vpc_security_group.sg","attribute":["id"]},{"resource":"yandex_vpc_subnet.subnet","attribute":["id"]},{"resource":"yandex_compute_instance.nexus","attribute":["network_interface",0,"nat_ip_address"]}],"timestamp":"2025-10-28T13:29:03Z","applyable":true,"complete":true,"errored":false}
